
Microsoft Visual Studio Solution File, Format Version 12.00
# Visual Studio Version 16
VisualStudioVersion = 16.0.28803.514
MinimumVisualStudioVersion = 10.0.40219.1
Project("{FAE04EC0-301F-11D3-BF4B-00C04F79EFBC}") = "Approaches", "Approaches\Approaches.csproj", "{0F4B3A1D-8608-4351-95EB-4364E5B3FA77}"
EndProject
Global
	GlobalSection(SolutionConfigurationPlatforms) = preSolution
		Debug|Any CPU = Debug|Any CPU
		Release|Any CPU = Release|Any CPU
	EndGlobalSection
	GlobalSection(ProjectConfigurationPlatforms) = postSolution
		{0F4B3A1D-8608-4351-95EB-4364E5B3FA77}.Debug|Any CPU.ActiveCfg = Debug|Any CPU
		{0F4B3A1D-8608-4351-95EB-4364E5B3FA77}.Debug|Any CPU.Build.0 = Debug|Any CPU
		{0F4B3A1D-8608-4351-95EB-4364E5B3FA77}.Release|Any CPU.ActiveCfg = Release|Any CPU
		{0F4B3A1D-8608-4351-95EB-4364E5B3FA77}.Release|Any CPU.Build.0 = Release|Any CPU
	EndGlobalSection
	GlobalSection(SolutionProperties) = preSolution
		HideSolutionNode = FALSE
	EndGlobalSection
	GlobalSection(ExtensibilityGlobals) = postSolution
		SolutionGuid = {3B737DD6-9AB0-4ED3-9997-8BF85FD85291}
	EndGlobalSection
EndGlobal
